%{
  "connection": {:hex, :connection, "1.0.4", "a1cae72211f0eef17705aaededacac3eb30e6625b04a6117c1b2db6ace7d5976", [:mix], [], "hexpm"},
  "cowboy": {:hex, :cowboy, "2.2.2", "6cde634da1da8b1d17dd2b20f5f6f91ab8ac7fa1b5106d13dad63c905ab76004", [:rebar3], [{:cowlib, "~> 2.1.0", [hex: :cowlib, repo: "hexpm", optional: false]}, {:ranch, "~> 1.4.0", [hex: :ranch, repo: "hexpm", optional: false]}], "hexpm"},
  "cowlib": {:hex, :cowlib, "2.1.0", "f73658b93dd043af40400c3e4fd997068ebd0c617f8c8f4cd003a1a78ebf94f5", [:rebar3], [], "hexpm"},
  "csv": {:hex, :csv, "2.0.0", "c66fea89ba7862b94901baf0871285e9b73cad89c5fdb57a6386d2adcf29593e", [:mix], [{:parallel_stream, "~> 1.0.4", [hex: :parallel_stream, repo: "hexpm", optional: false]}], "hexpm"},
  "db_connection": {:hex, :db_connection, "1.1.3", "89b30ca1ef0a3b469b1c779579590688561d586694a3ce8792985d4d7e575a61", [:mix], [{:connection, "~> 1.0.2", [hex: :connection, repo: "hexpm", optional: false]}, {:poolboy, "~> 1.5", [hex: :poolboy, repo: "hexpm", optional: true]}, {:sbroker, "~> 1.0", [hex: :sbroker, repo: "hexpm", optional: true]}], "hexpm"},
  "decimal": {:hex, :decimal, "1.5.0", "b0433a36d0e2430e3d50291b1c65f53c37d56f83665b43d79963684865beab68", [:mix], [], "hexpm"},
  "distillery": {:hex, :distillery, "1.5.2", "eec18b2d37b55b0bcb670cf2bcf64228ed38ce8b046bb30a9b636a6f5a4c0080", [:mix], [], "hexpm"},
  "dynamic": {:git, "https://github.com/ironbay/dynamic.git", "1ea009168cf3b1f1800cfd453a558d795e1cd8cc", [sparse: "elixir"]},
  "eleveldb": {:hex, :eleveldb, "2.2.20", "1fff63a5055bbf4bf821f797ef76065882b193f5e8095f95fcd9287187773b58", [:rebar3], [], "hexpm"},
  "elmdb": {:hex, :elmdb, "0.4.1", "af0765a4117de44d9cac199d4aed9077ca11d652c43251d4d208f917243d30d7", [:rebar3], [], "hexpm"},
  "epgsql": {:hex, :epgsql, "4.2.1", "5b8a6c4ea3ae981e946798be388d29434b0ac857e8b4b1e4ccb9ed726345d54b", [:rebar3], [], "hexpm"},
  "exleveldb": {:hex, :exleveldb, "0.11.1", "37c0414208a50d2419d8246305e6c4a33ed339c25c0bdfa27774795e1e089f7b", [:mix], [{:eleveldb, "~> 2.2.19", [hex: :eleveldb, repo: "hexpm", optional: false]}], "hexpm"},
  "exmdb": {:git, "https://github.com/zambal/exmdb.git", "ccb7cc9797d2d7aadab414660f8175eb7f33d7ae", []},
  "fig": {:git, "https://github.com/ironbay/fig.git", "dcfa276e679121abd5e61c5224248bff80c29ddd", []},
  "flex_logger": {:hex, :flex_logger, "0.2.1", "178aa299eff851f93c9f374e96c48e72cc1dd05e95c9df9da0437259c691917b", [:mix], [], "hexpm"},
  "gen_state_machine": {:hex, :gen_state_machine, "2.0.1", "85efd5a0376929c3a4246dd943e17564a2908c7ddd7acd242d84594e785d83f8", [:mix], [], "hexpm"},
  "hull": {:git, "https://github.com/ironbay/hull.git", "a78eba6e630ff826bad5c27cffbdc667632d85f9", []},
  "jason": {:hex, :jason, "1.1.2", "b03dedea67a99223a2eaf9f1264ce37154564de899fd3d8b9a21b1a6fd64afe7", [:mix], [{:decimal, "~> 1.0", [hex: :decimal, repo: "hexpm", optional: true]}], "hexpm"},
  "kora": {:git, "https://github.com/ironbay/kora.git", "f1fce4294b0d4ebb3cc2fa9111b313792c87d648", []},
  "libcluster": {:hex, :libcluster, "2.3.0", "d2fb8e8b2054a4a0c7faf7ced7c41dd13f7b49cce689590d37ecf30098e1b344", [:mix], [{:poison, "~> 3.0", [hex: :poison, repo: "hexpm", optional: false]}], "hexpm"},
  "libring": {:hex, :libring, "1.3.1", "b4273e25c6285f03a4b86d068aeee301be18a5aca3f0ca74f0c3a2f8b7d912b1", [:mix], [], "hexpm"},
  "mariaex": {:hex, :mariaex, "0.8.4", "5dd42a600c3949ec020cfac162a815115c9e9e406abffc1b14ffdc611d6f84bc", [:mix], [{:db_connection, "~> 1.1", [hex: :db_connection, repo: "hexpm", optional: false]}, {:decimal, "~> 1.0", [hex: :decimal, repo: "hexpm", optional: false]}, {:poison, ">= 0.0.0", [hex: :poison, repo: "hexpm", optional: true]}], "hexpm"},
  "morphix": {:git, "https://github.com/philosodad/morphix.git", "3c8b676f0c68522beb11ba6527e429e23e496a2f", []},
  "nimble_csv": {:hex, :nimble_csv, "0.5.0", "616dfbcd5954102b02f000b1c77cd211d0cd4eed08e1ea675c25b1f9ff689dd0", [:mix], [], "hexpm"},
  "parallel_stream": {:hex, :parallel_stream, "1.0.6", "b967be2b23f0f6787fab7ed681b4c45a215a81481fb62b01a5b750fa8f30f76c", [:mix], [], "hexpm"},
  "poison": {:hex, :poison, "3.1.0", "d9eb636610e096f86f25d9a46f35a9facac35609a7591b3be3326e99a0484665", [:mix], [], "hexpm"},
  "poolboy": {:hex, :poolboy, "1.5.1", "6b46163901cfd0a1b43d692657ed9d7e599853b3b21b95ae5ae0a777cf9b6ca8", [:rebar], [], "hexpm"},
  "postgrex": {:hex, :postgrex, "0.14.1", "63247d4a5ad6b9de57a0bac5d807e1c32d41e39c04b8a4156a26c63bcd8a2e49", [:mix], [{:connection, "~> 1.0", [hex: :connection, repo: "hexpm", optional: false]}, {:db_connection, "~> 2.0", [hex: :db_connection, repo: "hexpm", optional: false]}, {:decimal, "~> 1.5", [hex: :decimal, repo: "hexpm", optional: false]}, {:jason, "~> 1.0", [hex: :jason, repo: "hexpm", optional: true]}], "hexpm"},
  "radar": {:git, "https://github.com/ironbay/radar.git", "3404d6e8cbc1fbfcc0b0f2880c356fde9fd6aca8", []},
  "ranch": {:hex, :ranch, "1.4.0", "10272f95da79340fa7e8774ba7930b901713d272905d0012b06ca6d994f8826b", [:rebar3], [], "hexpm"},
  "rocker": {:git, "https://github.com/Vonmo/rocker.git", "0008f8c3a9c08d292d773419b386340841b1114a", [tag: "v5.14.2_3"]},
  "swarm": {:hex, :swarm, "3.3.1", "b4d29c49310b92b4a84bd3be6a51d9616eaeda1899b7619201d0908d8d789bd8", [:mix], [{:gen_state_machine, "~> 2.0", [hex: :gen_state_machine, repo: "hexpm", optional: false]}, {:libring, "~> 1.0", [hex: :libring, repo: "hexpm", optional: false]}], "hexpm"},
  "types": {:hex, :types, "0.1.8", "5782b67231e8c174fe2835395e71e669fe0121076779d2a09f1c0d58ee0e2f13", [:rebar3], [], "hexpm"},
}
